
Microsoft Visual Studio Solution File, Format Version 12.00
# Visual Studio Version 17
VisualStudioVersion = 17.13.35931.197 d17.13
MinimumVisualStudioVersion = 10.0.40219.1
Project("{FAE04EC0-301F-11D3-BF4B-00C04F79EFBC}") = "ForceRailGeneration", "ForceRailGeneration\ForceRailGeneration.csproj", "{9D415A6C-5DFD-43C9-A583-3C6B49BC6F1D}"
EndProject
Global
	GlobalSection(SolutionConfigurationPlatforms) = preSolution
		Debug|Any CPU = Debug|Any CPU
		Release|Any CPU = Release|Any CPU
	EndGlobalSection
	GlobalSection(ProjectConfigurationPlatforms) = postSolution
		{9D415A6C-5DFD-43C9-A583-3C6B49BC6F1D}.Debug|Any CPU.ActiveCfg = Debug|Any CPU
		{9D415A6C-5DFD-43C9-A583-3C6B49BC6F1D}.Debug|Any CPU.Build.0 = Debug|Any CPU
		{9D415A6C-5DFD-43C9-A583-3C6B49BC6F1D}.Release|Any CPU.ActiveCfg = Release|Any CPU
		{9D415A6C-5DFD-43C9-A583-3C6B49BC6F1D}.Release|Any CPU.Build.0 = Release|Any CPU
	EndGlobalSection
	GlobalSection(SolutionProperties) = preSolution
		HideSolutionNode = FALSE
	EndGlobalSection
	GlobalSection(ExtensibilityGlobals) = postSolution
		SolutionGuid = {89A4CE51-8574-4299-B42E-892CF5A6CF19}
	EndGlobalSection
EndGlobal
